// !$*UTF8*$!
{
	archiveVersion = 1;
	classes = {
	};
	objectVersion = 56;
	objects = {

/* Begin PBXBuildFile section */
		8F0250A02891ACC400F01348 /* Typicode+Mock.swift in Sources */ = {isa = PBXBuildFile; fileRef = 8F02509F2891ACC400F01348 /* Typicode+Mock.swift */; };
		8F2287B92A322F250095CD7E /* PostListView14.swift in Sources */ = {isa = PBXBuildFile; fileRef = 8F2287B82A3220E90095CD7E /* PostListView14.swift */; };
		8F2287BA2A322F280095CD7E /* PostListViewModel14.swift in Sources */ = {isa = PBXBuildFile; fileRef = 8F2287B72A3220D90095CD7E /* PostListViewModel14.swift */; };
		8F49DF732891C90E0017CFDF /* AsyncChannel+Void.swift in Sources */ = {isa = PBXBuildFile; fileRef = 8F49DF722891C90E0017CFDF /* AsyncChannel+Void.swift */; };
		8F49DF75289215780017CFDF /* PhotoGridViewModelTests.swift in Sources */ = {isa = PBXBuildFile; fileRef = 8F49DF74289215780017CFDF /* PhotoGridViewModelTests.swift */; };
		8F72EDF62A3A2C9500C733EF /* Content.swift in Sources */ = {isa = PBXBuildFile; fileRef = 8F72EDF52A3A2C9500C733EF /* Content.swift */; };
		8F72EDFA2A3A31E400C733EF /* ContentSidebarList.swift in Sources */ = {isa = PBXBuildFile; fileRef = 8F72EDF92A3A31E400C733EF /* ContentSidebarList.swift */; };
		8F72EDFC2A3A426C00C733EF /* ContentDetail.swift in Sources */ = {isa = PBXBuildFile; fileRef = 8F72EDFB2A3A426C00C733EF /* ContentDetail.swift */; };
		8F72EDFE2A3A473F00C733EF /* PostList.swift in Sources */ = {isa = PBXBuildFile; fileRef = 8F72EDFD2A3A473F00C733EF /* PostList.swift */; };
		8FE4F1CB2888596700CF32A3 /* DIExampleApp.swift in Sources */ = {isa = PBXBuildFile; fileRef = 8FE4F1CA2888596700CF32A3 /* DIExampleApp.swift */; };
		8FE4F1CD2888596700CF32A3 /* ContentView.swift in Sources */ = {isa = PBXBuildFile; fileRef = 8FE4F1CC2888596700CF32A3 /* ContentView.swift */; };
		8FE4F1CF2888596A00CF32A3 /* Assets.xcassets in Resources */ = {isa = PBXBuildFile; fileRef = 8FE4F1CE2888596A00CF32A3 /* Assets.xcassets */; };
		8FE4F1D22888596A00CF32A3 /* Preview Assets.xcassets in Resources */ = {isa = PBXBuildFile; fileRef = 8FE4F1D12888596A00CF32A3 /* Preview Assets.xcassets */; };
		8FE4F1E72888596A00CF32A3 /* DIExampleUITests.swift in Sources */ = {isa = PBXBuildFile; fileRef = 8FE4F1E62888596A00CF32A3 /* DIExampleUITests.swift */; };
		8FE4F1E92888596A00CF32A3 /* DIExampleUITestsLaunchTests.swift in Sources */ = {isa = PBXBuildFile; fileRef = 8FE4F1E82888596A00CF32A3 /* DIExampleUITestsLaunchTests.swift */; };
		8FE4F1F72888599A00CF32A3 /* Factory in Frameworks */ = {isa = PBXBuildFile; productRef = 8FE4F1F62888599A00CF32A3 /* Factory */; };
		8FE4F1FA28885F0100CF32A3 /* Typicode.swift in Sources */ = {isa = PBXBuildFile; fileRef = 8FE4F1F928885F0100CF32A3 /* Typicode.swift */; };
		8FE4F1FD2888619D00CF32A3 /* PostListViewModel.swift in Sources */ = {isa = PBXBuildFile; fileRef = 8FE4F1FC2888619D00CF32A3 /* PostListViewModel.swift */; };
		8FE4F1FF288863CD00CF32A3 /* PostListView.swift in Sources */ = {isa = PBXBuildFile; fileRef = 8FE4F1FE288863CD00CF32A3 /* PostListView.swift */; };
		8FE4F2012888640C00CF32A3 /* PostDetailView.swift in Sources */ = {isa = PBXBuildFile; fileRef = 8FE4F2002888640C00CF32A3 /* PostDetailView.swift */; };
		8FE4F20428887BDB00CF32A3 /* PhotoGridViewModel.swift in Sources */ = {isa = PBXBuildFile; fileRef = 8FE4F20328887BDB00CF32A3 /* PhotoGridViewModel.swift */; };
		8FE4F20628888F4D00CF32A3 /* PhotoGridView.swift in Sources */ = {isa = PBXBuildFile; fileRef = 8FE4F20528888F4D00CF32A3 /* PhotoGridView.swift */; };
		8FE4F209288EF62F00CF32A3 /* AsyncAlgorithms in Frameworks */ = {isa = PBXBuildFile; productRef = 8FE4F208288EF62F00CF32A3 /* AsyncAlgorithms */; };
		8FE4F20B2890693C00CF32A3 /* PreviewProviderStub.swift in Sources */ = {isa = PBXBuildFile; fileRef = 8FE4F20A2890693C00CF32A3 /* PreviewProviderStub.swift */; };
		8FE4F20F289095C200CF32A3 /* Stub.swift in Sources */ = {isa = PBXBuildFile; fileRef = 8FE4F20E289095C200CF32A3 /* Stub.swift */; };
		8FE4F213289096CF00CF32A3 /* PostListViewModelTests.swift in Sources */ = {isa = PBXBuildFile; fileRef = 8FE4F212289096CF00CF32A3 /* PostListViewModelTests.swift */; };
/* End PBXBuildFile section */

/* Begin PBXContainerItemProxy section */
		8FE4F1D92888596A00CF32A3 /* PBXContainerItemProxy */ = {
			isa = PBXContainerItemProxy;
			containerPortal = 8FE4F1BF2888596700CF32A3 /* Project object */;
			proxyType = 1;
			remoteGlobalIDString = 8FE4F1C62888596700CF32A3;
			remoteInfo = DIExample;
		};
		8FE4F1E32888596A00CF32A3 /* PBXContainerItemProxy */ = {
			isa = PBXContainerItemProxy;
			containerPortal = 8FE4F1BF2888596700CF32A3 /* Project object */;
			proxyType = 1;
			remoteGlobalIDString = 8FE4F1C62888596700CF32A3;
			remoteInfo = DIExample;
		};
/* End PBXContainerItemProxy section */

/* Begin PBXFileReference section */
		8F02509F2891ACC400F01348 /* Typicode+Mock.swift */ = {isa = PBXFileReference; lastKnownFileType = sourcecode.swift; path = "Typicode+Mock.swift"; sourceTree = "<group>"; };
		8F2287B72A3220D90095CD7E /* PostListViewModel14.swift */ = {isa = PBXFileReference; lastKnownFileType = sourcecode.swift; path = PostListViewModel14.swift; sourceTree = "<group>"; };
		8F2287B82A3220E90095CD7E /* PostListView14.swift */ = {isa = PBXFileReference; lastKnownFileType = sourcecode.swift; path = PostListView14.swift; sourceTree = "<group>"; };
		8F49DF722891C90E0017CFDF /* AsyncChannel+Void.swift */ = {isa = PBXFileReference; lastKnownFileType = sourcecode.swift; path = "AsyncChannel+Void.swift"; sourceTree = "<group>"; };
		8F49DF74289215780017CFDF /* PhotoGridViewModelTests.swift */ = {isa = PBXFileReference; lastKnownFileType = sourcecode.swift; path = PhotoGridViewModelTests.swift; sourceTree = "<group>"; };
		8F72EDF52A3A2C9500C733EF /* Content.swift */ = {isa = PBXFileReference; lastKnownFileType = sourcecode.swift; path = Content.swift; sourceTree = "<group>"; };
		8F72EDF92A3A31E400C733EF /* ContentSidebarList.swift */ = {isa = PBXFileReference; lastKnownFileType = sourcecode.swift; path = ContentSidebarList.swift; sourceTree = "<group>"; };
		8F72EDFB2A3A426C00C733EF /* ContentDetail.swift */ = {isa = PBXFileReference; lastKnownFileType = sourcecode.swift; path = ContentDetail.swift; sourceTree = "<group>"; };
		8F72EDFD2A3A473F00C733EF /* PostList.swift */ = {isa = PBXFileReference; lastKnownFileType = sourcecode.swift; path = PostList.swift; sourceTree = "<group>"; };
		8FE4F1C72888596700CF32A3 /* DIExample.app */ = {isa = PBXFileReference; explicitFileType = wrapper.application; includeInIndex = 0; path = DIExample.app; sourceTree = BUILT_PRODUCTS_DIR; };
		8FE4F1CA2888596700CF32A3 /* DIExampleApp.swift */ = {isa = PBXFileReference; lastKnownFileType = sourcecode.swift; path = DIExampleApp.swift; sourceTree = "<group>"; };
		8FE4F1CC2888596700CF32A3 /* ContentView.swift */ = {isa = PBXFileReference; lastKnownFileType = sourcecode.swift; path = ContentView.swift; sourceTree = "<group>"; };
		8FE4F1CE2888596A00CF32A3 /* Assets.xcassets */ = {isa = PBXFileReference; lastKnownFileType = folder.assetcatalog; path = Assets.xcassets; sourceTree = "<group>"; };
		8FE4F1D12888596A00CF32A3 /* Preview Assets.xcassets */ = {isa = PBXFileReference; lastKnownFileType = folder.assetcatalog; path = "Preview Assets.xcassets"; sourceTree = "<group>"; };
		8FE4F1D32888596A00CF32A3 /* DIExample.entitlements */ = {isa = PBXFileReference; lastKnownFileType = text.plist.entitlements; path = DIExample.entitlements; sourceTree = "<group>"; };
		8FE4F1D82888596A00CF32A3 /* DIExampleTests.xctest */ = {isa = PBXFileReference; explicitFileType = wrapper.cfbundle; includeInIndex = 0; path = DIExampleTests.xctest; sourceTree = BUILT_PRODUCTS_DIR; };
		8FE4F1E22888596A00CF32A3 /* DIExampleUITests.xctest */ = {isa = PBXFileReference; explicitFileType = wrapper.cfbundle; includeInIndex = 0; path = DIExampleUITests.xctest; sourceTree = BUILT_PRODUCTS_DIR; };
		8FE4F1E62888596A00CF32A3 /* DIExampleUITests.swift */ = {isa = PBXFileReference; lastKnownFileType = sourcecode.swift; path = DIExampleUITests.swift; sourceTree = "<group>"; };
		8FE4F1E82888596A00CF32A3 /* DIExampleUITestsLaunchTests.swift */ = {isa = PBXFileReference; lastKnownFileType = sourcecode.swift; path = DIExampleUITestsLaunchTests.swift; sourceTree = "<group>"; };
		8FE4F1F928885F0100CF32A3 /* Typicode.swift */ = {isa = PBXFileReference; lastKnownFileType = sourcecode.swift; path = Typicode.swift; sourceTree = "<group>"; };
		8FE4F1FC2888619D00CF32A3 /* PostListViewModel.swift */ = {isa = PBXFileReference; lastKnownFileType = sourcecode.swift; path = PostListViewModel.swift; sourceTree = "<group>"; };
		8FE4F1FE288863CD00CF32A3 /* PostListView.swift */ = {isa = PBXFileReference; lastKnownFileType = sourcecode.swift; path = PostListView.swift; sourceTree = "<group>"; };
		8FE4F2002888640C00CF32A3 /* PostDetailView.swift */ = {isa = PBXFileReference; lastKnownFileType = sourcecode.swift; path = PostDetailView.swift; sourceTree = "<group>"; };
		8FE4F20328887BDB00CF32A3 /* PhotoGridViewModel.swift */ = {isa = PBXFileReference; lastKnownFileType = sourcecode.swift; path = PhotoGridViewModel.swift; sourceTree = "<group>"; };
		8FE4F20528888F4D00CF32A3 /* PhotoGridView.swift */ = {isa = PBXFileReference; lastKnownFileType = sourcecode.swift; path = PhotoGridView.swift; sourceTree = "<group>"; };
		8FE4F20A2890693C00CF32A3 /* PreviewProviderStub.swift */ = {isa = PBXFileReference; lastKnownFileType = sourcecode.swift; path = PreviewProviderStub.swift; sourceTree = "<group>"; };
		8FE4F20E289095C200CF32A3 /* Stub.swift */ = {isa = PBXFileReference; lastKnownFileType = sourcecode.swift; path = Stub.swift; sourceTree = "<group>"; };
		8FE4F212289096CF00CF32A3 /* PostListViewModelTests.swift */ = {isa = PBXFileReference; lastKnownFileType = sourcecode.swift; path = PostListViewModelTests.swift; sourceTree = "<group>"; };
/* End PBXFileReference section */

/* Begin PBXFrameworksBuildPhase section */
		8FE4F1C42888596700CF32A3 /* Frameworks */ = {
			isa = PBXFrameworksBuildPhase;
			buildActionMask = 2147483647;
			files = (
				8FE4F1F72888599A00CF32A3 /* Factory in Frameworks */,
				8FE4F209288EF62F00CF32A3 /* AsyncAlgorithms in Frameworks */,
			);
			runOnlyForDeploymentPostprocessing = 0;
		};
		8FE4F1D52888596A00CF32A3 /* Frameworks */ = {
			isa = PBXFrameworksBuildPhase;
			buildActionMask = 2147483647;
			files = (
			);
			runOnlyForDeploymentPostprocessing = 0;
		};
		8FE4F1DF2888596A00CF32A3 /* Frameworks */ = {
			isa = PBXFrameworksBuildPhase;
			buildActionMask = 2147483647;
			files = (
			);
			runOnlyForDeploymentPostprocessing = 0;
		};
/* End PBXFrameworksBuildPhase section */

/* Begin PBXGroup section */
		8F2287B62A3220C90095CD7E /* Posts14 */ = {
			isa = PBXGroup;
			children = (
				8F2287B72A3220D90095CD7E /* PostListViewModel14.swift */,
				8F2287B82A3220E90095CD7E /* PostListView14.swift */,
			);
			path = Posts14;
			sourceTree = "<group>";
		};
		8F72EDF72A3A2CDF00C733EF /* Extensions */ = {
			isa = PBXGroup;
			children = (
				8F49DF722891C90E0017CFDF /* AsyncChannel+Void.swift */,
			);
			path = Extensions;
			sourceTree = "<group>";
		};
		8F72EDF82A3A2CED00C733EF /* Navigation */ = {
			isa = PBXGroup;
			children = (
				8F72EDF52A3A2C9500C733EF /* Content.swift */,
				8F72EDF92A3A31E400C733EF /* ContentSidebarList.swift */,
				8F72EDFB2A3A426C00C733EF /* ContentDetail.swift */,
			);
			path = Navigation;
			sourceTree = "<group>";
		};
		8FE4F1BE2888596700CF32A3 = {
			isa = PBXGroup;
			children = (
				8FE4F1C92888596700CF32A3 /* DIExample */,
				8FE4F1DB2888596A00CF32A3 /* DIExampleTests */,
				8FE4F1E52888596A00CF32A3 /* DIExampleUITests */,
				8FE4F1C82888596700CF32A3 /* Products */,
			);
			sourceTree = "<group>";
		};
		8FE4F1C82888596700CF32A3 /* Products */ = {
			isa = PBXGroup;
			children = (
				8FE4F1C72888596700CF32A3 /* DIExample.app */,
				8FE4F1D82888596A00CF32A3 /* DIExampleTests.xctest */,
				8FE4F1E22888596A00CF32A3 /* DIExampleUITests.xctest */,
			);
			name = Products;
			sourceTree = "<group>";
		};
		8FE4F1C92888596700CF32A3 /* DIExample */ = {
			isa = PBXGroup;
			children = (
				8FE4F1CA2888596700CF32A3 /* DIExampleApp.swift */,
				8FE4F1CC2888596700CF32A3 /* ContentView.swift */,
				8F72EDF82A3A2CED00C733EF /* Navigation */,
				8F2287B62A3220C90095CD7E /* Posts14 */,
				8FE4F1FB2888616A00CF32A3 /* Posts */,
				8FE4F20228887BC800CF32A3 /* Photos */,
				8F72EDF72A3A2CDF00C733EF /* Extensions */,
				8FE4F1F828885EE400CF32A3 /* APIs */,
				8FE4F1CE2888596A00CF32A3 /* Assets.xcassets */,
				8FE4F1D32888596A00CF32A3 /* DIExample.entitlements */,
				8FE4F1D02888596A00CF32A3 /* Preview Content */,
			);
			path = DIExample;
			sourceTree = "<group>";
		};
		8FE4F1D02888596A00CF32A3 /* Preview Content */ = {
			isa = PBXGroup;
			children = (
				8FE4F20A2890693C00CF32A3 /* PreviewProviderStub.swift */,
				8FE4F1D12888596A00CF32A3 /* Preview Assets.xcassets */,
			);
			path = "Preview Content";
			sourceTree = "<group>";
		};
		8FE4F1DB2888596A00CF32A3 /* DIExampleTests */ = {
			isa = PBXGroup;
			children = (
				8FE4F20E289095C200CF32A3 /* Stub.swift */,
				8F02509F2891ACC400F01348 /* Typicode+Mock.swift */,
				8FE4F212289096CF00CF32A3 /* PostListViewModelTests.swift */,
				8F49DF74289215780017CFDF /* PhotoGridViewModelTests.swift */,
			);
			path = DIExampleTests;
			sourceTree = "<group>";
		};
		8FE4F1E52888596A00CF32A3 /* DIExampleUITests */ = {
			isa = PBXGroup;
			children = (
				8FE4F1E62888596A00CF32A3 /* DIExampleUITests.swift */,
				8FE4F1E82888596A00CF32A3 /* DIExampleUITestsLaunchTests.swift */,
			);
			path = DIExampleUITests;
			sourceTree = "<group>";
		};
		8FE4F1F828885EE400CF32A3 /* APIs */ = {
			isa = PBXGroup;
			children = (
				8FE4F1F928885F0100CF32A3 /* Typicode.swift */,
			);
			path = APIs;
			sourceTree = "<group>";
		};
		8FE4F1FB2888616A00CF32A3 /* Posts */ = {
			isa = PBXGroup;
			children = (
				8FE4F1FC2888619D00CF32A3 /* PostListViewModel.swift */,
				8FE4F1FE288863CD00CF32A3 /* PostListView.swift */,
				8FE4F2002888640C00CF32A3 /* PostDetailView.swift */,
				8F72EDFD2A3A473F00C733EF /* PostList.swift */,
			);
			path = Posts;
			sourceTree = "<group>";
		};
		8FE4F20228887BC800CF32A3 /* Photos */ = {
			isa = PBXGroup;
			children = (
				8FE4F20328887BDB00CF32A3 /* PhotoGridViewModel.swift */,
				8FE4F20528888F4D00CF32A3 /* PhotoGridView.swift */,
			);
			path = Photos;
			sourceTree = "<group>";
		};
/* End PBXGroup section */

/* Begin PBXNativeTarget section */
		8FE4F1C62888596700CF32A3 /* DIExample */ = {
			isa = PBXNativeTarget;
			buildConfigurationList = 8FE4F1EC2888596A00CF32A3 /* Build configuration list for PBXNativeTarget "DIExample" */;
			buildPhases = (
				8FE4F1C32888596700CF32A3 /* Sources */,
				8FE4F1C42888596700CF32A3 /* Frameworks */,
				8FE4F1C52888596700CF32A3 /* Resources */,
			);
			buildRules = (
			);
			dependencies = (
			);
			name = DIExample;
			packageProductDependencies = (
				8FE4F1F62888599A00CF32A3 /* Factory */,
				8FE4F208288EF62F00CF32A3 /* AsyncAlgorithms */,
			);
			productName = DIExample;
			productReference = 8FE4F1C72888596700CF32A3 /* DIExample.app */;
			productType = "com.apple.product-type.application";
		};
		8FE4F1D72888596A00CF32A3 /* DIExampleTests */ = {
			isa = PBXNativeTarget;
			buildConfigurationList = 8FE4F1EF2888596A00CF32A3 /* Build configuration list for PBXNativeTarget "DIExampleTests" */;
			buildPhases = (
				8FE4F1D42888596A00CF32A3 /* Sources */,
				8FE4F1D52888596A00CF32A3 /* Frameworks */,
				8FE4F1D62888596A00CF32A3 /* Resources */,
			);
			buildRules = (
			);
			dependencies = (
				8FE4F1DA2888596A00CF32A3 /* PBXTargetDependency */,
			);
			name = DIExampleTests;
			productName = DIExampleTests;
			productReference = 8FE4F1D82888596A00CF32A3 /* DIExampleTests.xctest */;
			productType = "com.apple.product-type.bundle.unit-test";
		};
		8FE4F1E12888596A00CF32A3 /* DIExampleUITests */ = {
			isa = PBXNativeTarget;
			buildConfigurationList = 8FE4F1F22888596A00CF32A3 /* Build configuration list for PBXNativeTarget "DIExampleUITests" */;
			buildPhases = (
				8FE4F1DE2888596A00CF32A3 /* Sources */,
				8FE4F1DF2888596A00CF32A3 /* Frameworks */,
				8FE4F1E02888596A00CF32A3 /* Resources */,
			);
			buildRules = (
			);
			dependencies = (
				8FE4F1E42888596A00CF32A3 /* PBXTargetDependency */,
			);
			name = DIExampleUITests;
			productName = DIExampleUITests;
			productReference = 8FE4F1E22888596A00CF32A3 /* DIExampleUITests.xctest */;
			productType = "com.apple.product-type.bundle.ui-testing";
		};
/* End PBXNativeTarget section */

/* Begin PBXProject section */
		8FE4F1BF2888596700CF32A3 /* Project object */ = {
			isa = PBXProject;
			attributes = {
				BuildIndependentTargetsInParallel = 1;
				LastSwiftUpdateCheck = 1400;
				LastUpgradeCheck = 1530;
				TargetAttributes = {
					8FE4F1C62888596700CF32A3 = {
						CreatedOnToolsVersion = 14.0;
					};
					8FE4F1D72888596A00CF32A3 = {
						CreatedOnToolsVersion = 14.0;
						TestTargetID = 8FE4F1C62888596700CF32A3;
					};
					8FE4F1E12888596A00CF32A3 = {
						CreatedOnToolsVersion = 14.0;
						TestTargetID = 8FE4F1C62888596700CF32A3;
					};
				};
			};
			buildConfigurationList = 8FE4F1C22888596700CF32A3 /* Build configuration list for PBXProject "DIExample" */;
			compatibilityVersion = "Xcode 14.0";
			developmentRegion = en;
			hasScannedForEncodings = 0;
			knownRegions = (
				en,
				Base,
			);
			mainGroup = 8FE4F1BE2888596700CF32A3;
			packageReferences = (
				8FE4F1F52888599A00CF32A3 /* XCRemoteSwiftPackageReference "Factory" */,
				8FE4F207288EF62F00CF32A3 /* XCRemoteSwiftPackageReference "swift-async-algorithms" */,
			);
			productRefGroup = 8FE4F1C82888596700CF32A3 /* Products */;
			projectDirPath = "";
			projectRoot = "";
			targets = (
				8FE4F1C62888596700CF32A3 /* DIExample */,
				8FE4F1D72888596A00CF32A3 /* DIExampleTests */,
				8FE4F1E12888596A00CF32A3 /* DIExampleUITests */,
			);
		};
/* End PBXProject section */

/* Begin PBXResourcesBuildPhase section */
		8FE4F1C52888596700CF32A3 /* Resources */ = {
			isa = PBXResourcesBuildPhase;
			buildActionMask = 2147483647;
			files = (
				8FE4F1D22888596A00CF32A3 /* Preview Assets.xcassets in Resources */,
				8FE4F1CF2888596A00CF32A3 /* Assets.xcassets in Resources */,
			);
			runOnlyForDeploymentPostprocessing = 0;
		};
		8FE4F1D62888596A00CF32A3 /* Resources */ = {
			isa = PBXResourcesBuildPhase;
			buildActionMask = 2147483647;
			files = (
			);
			runOnlyForDeploymentPostprocessing = 0;
		};
		8FE4F1E02888596A00CF32A3 /* Resources */ = {
			isa = PBXResourcesBuildPhase;
			buildActionMask = 2147483647;
			files = (
			);
			runOnlyForDeploymentPostprocessing = 0;
		};
/* End PBXResourcesBuildPhase section */

/* Begin PBXSourcesBuildPhase section */
		8FE4F1C32888596700CF32A3 /* Sources */ = {
			isa = PBXSourcesBuildPhase;
			buildActionMask = 2147483647;
			files = (
				8F72EDFC2A3A426C00C733EF /* ContentDetail.swift in Sources */,
				8FE4F1FD2888619D00CF32A3 /* PostListViewModel.swift in Sources */,
				8F2287BA2A322F280095CD7E /* PostListViewModel14.swift in Sources */,
				8FE4F20628888F4D00CF32A3 /* PhotoGridView.swift in Sources */,
				8F49DF732891C90E0017CFDF /* AsyncChannel+Void.swift in Sources */,
				8FE4F1FA28885F0100CF32A3 /* Typicode.swift in Sources */,
				8F72EDFA2A3A31E400C733EF /* ContentSidebarList.swift in Sources */,
				8FE4F1CD2888596700CF32A3 /* ContentView.swift in Sources */,
				8FE4F20B2890693C00CF32A3 /* PreviewProviderStub.swift in Sources */,
				8FE4F2012888640C00CF32A3 /* PostDetailView.swift in Sources */,
				8F72EDF62A3A2C9500C733EF /* Content.swift in Sources */,
				8F72EDFE2A3A473F00C733EF /* PostList.swift in Sources */,
				8FE4F20428887BDB00CF32A3 /* PhotoGridViewModel.swift in Sources */,
				8FE4F1CB2888596700CF32A3 /* DIExampleApp.swift in Sources */,
				8F2287B92A322F250095CD7E /* PostListView14.swift in Sources */,
				8FE4F1FF288863CD00CF32A3 /* PostListView.swift in Sources */,
			);
			runOnlyForDeploymentPostprocessing = 0;
		};
		8FE4F1D42888596A00CF32A3 /* Sources */ = {
			isa = PBXSourcesBuildPhase;
			buildActionMask = 2147483647;
			files = (
				8F0250A02891ACC400F01348 /* Typicode+Mock.swift in Sources */,
				8FE4F213289096CF00CF32A3 /* PostListViewModelTests.swift in Sources */,
				8F49DF75289215780017CFDF /* PhotoGridViewModelTests.swift in Sources */,
				8FE4F20F289095C200CF32A3 /* Stub.swift in Sources */,
			);
			runOnlyForDeploymentPostprocessing = 0;
		};
		8FE4F1DE2888596A00CF32A3 /* Sources */ = {
			isa = PBXSourcesBuildPhase;
			buildActionMask = 2147483647;
			files = (
				8FE4F1E92888596A00CF32A3 /* DIExampleUITestsLaunchTests.swift in Sources */,
				8FE4F1E72888596A00CF32A3 /* DIExampleUITests.swift in Sources */,
			);
			runOnlyForDeploymentPostprocessing = 0;
		};
/* End PBXSourcesBuildPhase section */

/* Begin PBXTargetDependency section */
		8FE4F1DA2888596A00CF32A3 /* PBXTargetDependency */ = {
			isa = PBXTargetDependency;
			target = 8FE4F1C62888596700CF32A3 /* DIExample */;
			targetProxy = 8FE4F1D92888596A00CF32A3 /* PBXContainerItemProxy */;
		};
		8FE4F1E42888596A00CF32A3 /* PBXTargetDependency */ = {
			isa = PBXTargetDependency;
			target = 8FE4F1C62888596700CF32A3 /* DIExample */;
			targetProxy = 8FE4F1E32888596A00CF32A3 /* PBXContainerItemProxy */;
		};
/* End PBXTargetDependency section */

/* Begin XCBuildConfiguration section */
		8FE4F1EA2888596A00CF32A3 /* Debug */ = {
			isa = XCBuildConfiguration;
			buildSettings = {
				ALWAYS_SEARCH_USER_PATHS = NO;
				ASSETCATALOG_COMPILER_GENERATE_SWIFT_ASSET_SYMBOL_EXTENSIONS = YES;
				CLANG_ANALYZER_NONNULL = YES;
				CLANG_ANALYZER_NUMBER_OBJECT_CONVERSION = YES_AGGRESSIVE;
				CLANG_CXX_LANGUAGE_STANDARD = "gnu++20";
				CLANG_ENABLE_MODULES = YES;
				CLANG_ENABLE_OBJC_ARC = YES;
				CLANG_ENABLE_OBJC_WEAK = YES;
				CLANG_WARN_BLOCK_CAPTURE_AUTORELEASING = YES;
				CLANG_WARN_BOOL_CONVERSION = YES;
				CLANG_WARN_COMMA = YES;
				CLANG_WARN_CONSTANT_CONVERSION = YES;
				CLANG_WARN_DEPRECATED_OBJC_IMPLEMENTATIONS = YES;
				CLANG_WARN_DIRECT_OBJC_ISA_USAGE = YES_ERROR;
				CLANG_WARN_DOCUMENTATION_COMMENTS = YES;
				CLANG_WARN_EMPTY_BODY = YES;
				CLANG_WARN_ENUM_CONVERSION = YES;
				CLANG_WARN_INFINITE_RECURSION = YES;
				CLANG_WARN_INT_CONVERSION = YES;
				CLANG_WARN_NON_LITERAL_NULL_CONVERSION = YES;
				CLANG_WARN_OBJC_IMPLICIT_RETAIN_SELF = YES;
				CLANG_WARN_OBJC_LITERAL_CONVERSION = YES;
				CLANG_WARN_OBJC_ROOT_CLASS = YES_ERROR;
				CLANG_WARN_QUOTED_INCLUDE_IN_FRAMEWORK_HEADER = YES;
				CLANG_WARN_RANGE_LOOP_ANALYSIS = YES;
				CLANG_WARN_STRICT_PROTOTYPES = YES;
				CLANG_WARN_SUSPICIOUS_MOVE = YES;
				CLANG_WARN_UNGUARDED_AVAILABILITY = YES_AGGRESSIVE;
				CLANG_WARN_UNREACHABLE_CODE = YES;
				CLANG_WARN__DUPLICATE_METHOD_MATCH = YES;
				COPY_PHASE_STRIP = NO;
				DEAD_CODE_STRIPPING = YES;
				DEBUG_INFORMATION_FORMAT = dwarf;
				ENABLE_STRICT_OBJC_MSGSEND = YES;
				ENABLE_TESTABILITY = YES;
				ENABLE_USER_SCRIPT_SANDBOXING = YES;
				GCC_C_LANGUAGE_STANDARD = gnu11;
				GCC_DYNAMIC_NO_PIC = NO;
				GCC_NO_COMMON_BLOCKS = YES;
				GCC_OPTIMIZATION_LEVEL = 0;
				GCC_PREPROCESSOR_DEFINITIONS = (
					"DEBUG=1",
					"$(inherited)",
				);
				GCC_WARN_64_TO_32_BIT_CONVERSION = YES;
				GCC_WARN_ABOUT_RETURN_TYPE = YES_ERROR;
				GCC_WARN_UNDECLARED_SELECTOR = YES;
				GCC_WARN_UNINITIALIZED_AUTOS = YES_AGGRESSIVE;
				GCC_WARN_UNUSED_FUNCTION = YES;
				GCC_WARN_UNUSED_VARIABLE = YES;
				MACOSX_DEPLOYMENT_TARGET = 12.0;
				MTL_ENABLE_DEBUG_INFO = INCLUDE_SOURCE;
				MTL_FAST_MATH = YES;
				ONLY_ACTIVE_ARCH = YES;
				SDKROOT = macosx;
				SWIFT_ACTIVE_COMPILATION_CONDITIONS = DEBUG;
				SWIFT_OPTIMIZATION_LEVEL = "-Onone";
				SWIFT_STRICT_CONCURRENCY = complete;
			};
			name = Debug;
		};
		8FE4F1EB2888596A00CF32A3 /* Release */ = {
			isa = XCBuildConfiguration;
			buildSettings = {
				ALWAYS_SEARCH_USER_PATHS = NO;
				ASSETCATALOG_COMPILER_GENERATE_SWIFT_ASSET_SYMBOL_EXTENSIONS = YES;
				CLANG_ANALYZER_NONNULL = YES;
				CLANG_ANALYZER_NUMBER_OBJECT_CONVERSION = YES_AGGRESSIVE;
				CLANG_CXX_LANGUAGE_STANDARD = "gnu++20";
				CLANG_ENABLE_MODULES = YES;
				CLANG_ENABLE_OBJC_ARC = YES;
				CLANG_ENABLE_OBJC_WEAK = YES;
				CLANG_WARN_BLOCK_CAPTURE_AUTORELEASING = YES;
				CLANG_WARN_BOOL_CONVERSION = YES;
				CLANG_WARN_COMMA = YES;
				CLANG_WARN_CONSTANT_CONVERSION = YES;
				CLANG_WARN_DEPRECATED_OBJC_IMPLEMENTATIONS = YES;
				CLANG_WARN_DIRECT_OBJC_ISA_USAGE = YES_ERROR;
				CLANG_WARN_DOCUMENTATION_COMMENTS = YES;
				CLANG_WARN_EMPTY_BODY = YES;
				CLANG_WARN_ENUM_CONVERSION = YES;
				CLANG_WARN_INFINITE_RECURSION = YES;
				CLANG_WARN_INT_CONVERSION = YES;
				CLANG_WARN_NON_LITERAL_NULL_CONVERSION = YES;
				CLANG_WARN_OBJC_IMPLICIT_RETAIN_SELF = YES;
				CLANG_WARN_OBJC_LITERAL_CONVERSION = YES;
				CLANG_WARN_OBJC_ROOT_CLASS = YES_ERROR;
				CLANG_WARN_QUOTED_INCLUDE_IN_FRAMEWORK_HEADER = YES;
				CLANG_WARN_RANGE_LOOP_ANALYSIS = YES;
				CLANG_WARN_STRICT_PROTOTYPES = YES;
				CLANG_WARN_SUSPICIOUS_MOVE = YES;
				CLANG_WARN_UNGUARDED_AVAILABILITY = YES_AGGRESSIVE;
				CLANG_WARN_UNREACHABLE_CODE = YES;
				CLANG_WARN__DUPLICATE_METHOD_MATCH = YES;
				COPY_PHASE_STRIP = NO;
				DEAD_CODE_STRIPPING = YES;
				DEBUG_INFORMATION_FORMAT = "dwarf-with-dsym";
				ENABLE_NS_ASSERTIONS = NO;
				ENABLE_STRICT_OBJC_MSGSEND = YES;
				ENABLE_USER_SCRIPT_SANDBOXING = YES;
				GCC_C_LANGUAGE_STANDARD = gnu11;
				GCC_NO_COMMON_BLOCKS = YES;
				GCC_WARN_64_TO_32_BIT_CONVERSION = YES;
				GCC_WARN_ABOUT_RETURN_TYPE = YES_ERROR;
				GCC_WARN_UNDECLARED_SELECTOR = YES;
				GCC_WARN_UNINITIALIZED_AUTOS = YES_AGGRESSIVE;
				GCC_WARN_UNUSED_FUNCTION = YES;
				GCC_WARN_UNUSED_VARIABLE = YES;
				MACOSX_DEPLOYMENT_TARGET = 12.0;
				MTL_ENABLE_DEBUG_INFO = NO;
				MTL_FAST_MATH = YES;
				SDKROOT = macosx;
				SWIFT_COMPILATION_MODE = wholemodule;
				SWIFT_OPTIMIZATION_LEVEL = "-O";
				SWIFT_STRICT_CONCURRENCY = complete;
			};
			name = Release;
		};
		8FE4F1ED2888596A00CF32A3 /* Debug */ = {
			isa = XCBuildConfiguration;
			buildSettings = {
				ASSETCATALOG_COMPILER_APPICON_NAME = AppIcon;
				ASSETCATALOG_COMPILER_GLOBAL_ACCENT_COLOR_NAME = AccentColor;
				CODE_SIGN_ENTITLEMENTS = DIExample/DIExample.entitlements;
				CODE_SIGN_STYLE = Automatic;
				COMBINE_HIDPI_IMAGES = YES;
				CURRENT_PROJECT_VERSION = 1;
				DEAD_CODE_STRIPPING = YES;
				DEVELOPMENT_ASSET_PATHS = "\"DIExample/Preview Content\"";
				DEVELOPMENT_TEAM = 483DWKW443;
				ENABLE_HARDENED_RUNTIME = YES;
				ENABLE_PREVIEWS = YES;
				GENERATE_INFOPLIST_FILE = YES;
				INFOPLIST_KEY_NSHumanReadableCopyright = "";
				LD_RUNPATH_SEARCH_PATHS = (
					"$(inherited)",
					"@executable_path/../Frameworks",
				);
				MARKETING_VERSION = 1.0;
				PRODUCT_BUNDLE_IDENTIFIER = com.jamf.DIExample;
				PRODUCT_NAME = "$(TARGET_NAME)";
				SWIFT_EMIT_LOC_STRINGS = YES;
				SWIFT_VERSION = 5.0;
			};
			name = Debug;
		};
		8FE4F1EE2888596A00CF32A3 /* Release */ = {
			isa = XCBuildConfiguration;
			buildSettings = {
				ASSETCATALOG_COMPILER_APPICON_NAME = AppIcon;
				ASSETCATALOG_COMPILER_GLOBAL_ACCENT_COLOR_NAME = AccentColor;
				CODE_SIGN_ENTITLEMENTS = DIExample/DIExample.entitlements;
				CODE_SIGN_STYLE = Automatic;
				COMBINE_HIDPI_IMAGES = YES;
				CURRENT_PROJECT_VERSION = 1;
				DEAD_CODE_STRIPPING = YES;
				DEVELOPMENT_ASSET_PATHS = "\"DIExample/Preview Content\"";
				DEVELOPMENT_TEAM = 483DWKW443;
				ENABLE_HARDENED_RUNTIME = YES;
				ENABLE_PREVIEWS = YES;
				GENERATE_INFOPLIST_FILE = YES;
				INFOPLIST_KEY_NSHumanReadableCopyright = "";
				LD_RUNPATH_SEARCH_PATHS = (
					"$(inherited)",
					"@executable_path/../Frameworks",
				);
				MARKETING_VERSION = 1.0;
				PRODUCT_BUNDLE_IDENTIFIER = com.jamf.DIExample;
				PRODUCT_NAME = "$(TARGET_NAME)";
				SWIFT_EMIT_LOC_STRINGS = YES;
				SWIFT_VERSION = 5.0;
			};
			name = Release;
		};
		8FE4F1F02888596A00CF32A3 /* Debug */ = {
			isa = XCBuildConfiguration;
			buildSettings = {
				ALWAYS_EMBED_SWIFT_STANDARD_LIBRARIES = YES;
				BUNDLE_LOADER = "$(TEST_HOST)";
				CODE_SIGN_STYLE = Automatic;
				CURRENT_PROJECT_VERSION = 1;
				DEAD_CODE_STRIPPING = YES;
				DEVELOPMENT_TEAM = 483DWKW443;
				GENERATE_INFOPLIST_FILE = YES;
				MACOSX_DEPLOYMENT_TARGET = 12.4;
				MARKETING_VERSION = 1.0;
				PRODUCT_BUNDLE_IDENTIFIER = com.jamf.DIExampleTests;
				PRODUCT_NAME = "$(TARGET_NAME)";
				SWIFT_EMIT_LOC_STRINGS = NO;
				SWIFT_VERSION = 5.0;
				TEST_HOST = "$(BUILT_PRODUCTS_DIR)/DIExample.app/$(BUNDLE_EXECUTABLE_FOLDER_PATH)/DIExample";
			};
			name = Debug;
		};
		8FE4F1F12888596A00CF32A3 /* Release */ = {
			isa = XCBuildConfiguration;
			buildSettings = {
				ALWAYS_EMBED_SWIFT_STANDARD_LIBRARIES = YES;
				BUNDLE_LOADER = "$(TEST_HOST)";
				CODE_SIGN_STYLE = Automatic;
				CURRENT_PROJECT_VERSION = 1;
				DEAD_CODE_STRIPPING = YES;
				DEVELOPMENT_TEAM = 483DWKW443;
				GENERATE_INFOPLIST_FILE = YES;
				MACOSX_DEPLOYMENT_TARGET = 12.4;
				MARKETING_VERSION = 1.0;
				PRODUCT_BUNDLE_IDENTIFIER = com.jamf.DIExampleTests;
				PRODUCT_NAME = "$(TARGET_NAME)";
				SWIFT_EMIT_LOC_STRINGS = NO;
				SWIFT_VERSION = 5.0;
				TEST_HOST = "$(BUILT_PRODUCTS_DIR)/DIExample.app/$(BUNDLE_EXECUTABLE_FOLDER_PATH)/DIExample";
			};
			name = Release;
		};
		8FE4F1F32888596A00CF32A3 /* Debug */ = {
			isa = XCBuildConfiguration;
			buildSettings = {
				ALWAYS_EMBED_SWIFT_STANDARD_LIBRARIES = YES;
				CODE_SIGN_STYLE = Automatic;
				CURRENT_PROJECT_VERSION = 1;
				DEAD_CODE_STRIPPING = YES;
				DEVELOPMENT_TEAM = 483DWKW443;
				GENERATE_INFOPLIST_FILE = YES;
				MARKETING_VERSION = 1.0;
				PRODUCT_BUNDLE_IDENTIFIER = com.jamf.DIExampleUITests;
				PRODUCT_NAME = "$(TARGET_NAME)";
				SWIFT_EMIT_LOC_STRINGS = NO;
				SWIFT_VERSION = 5.0;
				TEST_TARGET_NAME = DIExample;
			};
			name = Debug;
		};
		8FE4F1F42888596A00CF32A3 /* Release */ = {
			isa = XCBuildConfiguration;
			buildSettings = {
				ALWAYS_EMBED_SWIFT_STANDARD_LIBRARIES = YES;
				CODE_SIGN_STYLE = Automatic;
				CURRENT_PROJECT_VERSION = 1;
				DEAD_CODE_STRIPPING = YES;
				DEVELOPMENT_TEAM = 483DWKW443;
				GENERATE_INFOPLIST_FILE = YES;
				MARKETING_VERSION = 1.0;
				PRODUCT_BUNDLE_IDENTIFIER = com.jamf.DIExampleUITests;
				PRODUCT_NAME = "$(TARGET_NAME)";
				SWIFT_EMIT_LOC_STRINGS = NO;
				SWIFT_VERSION = 5.0;
				TEST_TARGET_NAME = DIExample;
			};
			name = Release;
		};
/* End XCBuildConfiguration section */

/* Begin XCConfigurationList section */
		8FE4F1C22888596700CF32A3 /* Build configuration list for PBXProject "DIExample" */ = {
			isa = XCConfigurationList;
			buildConfigurations = (
				8FE4F1EA2888596A00CF32A3 /* Debug */,
				8FE4F1EB2888596A00CF32A3 /* Release */,
			);
			defaultConfigurationIsVisible = 0;
			defaultConfigurationName = Release;
		};
		8FE4F1EC2888596A00CF32A3 /* Build configuration list for PBXNativeTarget "DIExample" */ = {
			isa = XCConfigurationList;
			buildConfigurations = (
				8FE4F1ED2888596A00CF32A3 /* Debug */,
				8FE4F1EE2888596A00CF32A3 /* Release */,
			);
			defaultConfigurationIsVisible = 0;
			defaultConfigurationName = Release;
		};
		8FE4F1EF2888596A00CF32A3 /* Build configuration list for PBXNativeTarget "DIExampleTests" */ = {
			isa = XCConfigurationList;
			buildConfigurations = (
				8FE4F1F02888596A00CF32A3 /* Debug */,
				8FE4F1F12888596A00CF32A3 /* Release */,
			);
			defaultConfigurationIsVisible = 0;
			defaultConfigurationName = Release;
		};
		8FE4F1F22888596A00CF32A3 /* Build configuration list for PBXNativeTarget "DIExampleUITests" */ = {
			isa = XCConfigurationList;
			buildConfigurations = (
				8FE4F1F32888596A00CF32A3 /* Debug */,
				8FE4F1F42888596A00CF32A3 /* Release */,
			);
			defaultConfigurationIsVisible = 0;
			defaultConfigurationName = Release;
		};
/* End XCConfigurationList section */

/* Begin XCRemoteSwiftPackageReference section */
		8FE4F1F52888599A00CF32A3 /* XCRemoteSwiftPackageReference "Factory" */ = {
			isa = XCRemoteSwiftPackageReference;
			repositoryURL = "https://github.com/hmlongco/Factory.git";
			requirement = {
				kind = upToNextMajorVersion;
				minimumVersion = 2.0.0;
			};
		};
		8FE4F207288EF62F00CF32A3 /* XCRemoteSwiftPackageReference "swift-async-algorithms" */ = {
			isa = XCRemoteSwiftPackageReference;
			repositoryURL = "https://github.com/apple/swift-async-algorithms.git";
			requirement = {
				kind = upToNextMajorVersion;
				minimumVersion = 0.1.0;
			};
		};
/* End XCRemoteSwiftPackageReference section */

/* Begin XCSwiftPackageProductDependency section */
		8FE4F1F62888599A00CF32A3 /* Factory */ = {
			isa = XCSwiftPackageProductDependency;
			package = 8FE4F1F52888599A00CF32A3 /* XCRemoteSwiftPackageReference "Factory" */;
			productName = Factory;
		};
		8FE4F208288EF62F00CF32A3 /* AsyncAlgorithms */ = {
			isa = XCSwiftPackageProductDependency;
			package = 8FE4F207288EF62F00CF32A3 /* XCRemoteSwiftPackageReference "swift-async-algorithms" */;
			productName = AsyncAlgorithms;
		};
/* End XCSwiftPackageProductDependency section */
	};
	rootObject = 8FE4F1BF2888596700CF32A3 /* Project object */;
}
